// !$*UTF8*$!
{
	archiveVersion = 1;
	classes = {
	};
	objectVersion = 56;
	objects = {

/* Begin PBXBuildFile section */
		583575E42CDCA65C000F7F7A /* StreamingStoreAppApp.swift in Sources */ = {isa = PBXBuildFile; fileRef = 583575E32CDCA65C000F7F7A /* StreamingStoreAppApp.swift */; };
		583575E62CDCA65C000F7F7A /* ContentView.swift in Sources */ = {isa = PBXBuildFile; fileRef = 583575E52CDCA65C000F7F7A /* ContentView.swift */; };
		583575E82CDCA65E000F7F7A /* Assets.xcassets in Resources */ = {isa = PBXBuildFile; fileRef = 583575E72CDCA65E000F7F7A /* Assets.xcassets */; };
		583575EB2CDCA65E000F7F7A /* Preview Assets.xcassets in Resources */ = {isa = PBXBuildFile; fileRef = 583575EA2CDCA65E000F7F7A /* Preview Assets.xcassets */; };
		583575F52CDCA65E000F7F7A /* StreamingStoreAppTests.swift in Sources */ = {isa = PBXBuildFile; fileRef = 583575F42CDCA65E000F7F7A /* StreamingStoreAppTests.swift */; };
		583575FF2CDCA65E000F7F7A /* StreamingStoreAppUITests.swift in Sources */ = {isa = PBXBuildFile; fileRef = 583575FE2CDCA65E000F7F7A /* StreamingStoreAppUITests.swift */; };
		583576012CDCA65E000F7F7A /* StreamingStoreAppUITestsLaunchTests.swift in Sources */ = {isa = PBXBuildFile; fileRef = 583576002CDCA65E000F7F7A /* StreamingStoreAppUITestsLaunchTests.swift */; };
		5835760E2CDCA847000F7F7A /* Launch Screen.storyboard in Resources */ = {isa = PBXBuildFile; fileRef = 5835760D2CDCA847000F7F7A /* Launch Screen.storyboard */; };
		583576102CDCAA7B000F7F7A /* OnboardingView.swift in Sources */ = {isa = PBXBuildFile; fileRef = 5835760F2CDCAA7B000F7F7A /* OnboardingView.swift */; };
		583576242CDCAB3C000F7F7A /* Poppins-MediumItalic.ttf in Resources */ = {isa = PBXBuildFile; fileRef = 583576122CDCAB3B000F7F7A /* Poppins-MediumItalic.ttf */; };
		583576252CDCAB3C000F7F7A /* Poppins-ExtraLightItalic.ttf in Resources */ = {isa = PBXBuildFile; fileRef = 583576132CDCAB3B000F7F7A /* Poppins-ExtraLightItalic.ttf */; };
		583576262CDCAB3C000F7F7A /* Poppins-Regular.ttf in Resources */ = {isa = PBXBuildFile; fileRef = 583576142CDCAB3B000F7F7A /* Poppins-Regular.ttf */; };
		583576272CDCAB3C000F7F7A /* Poppins-ExtraBold.ttf in Resources */ = {isa = PBXBuildFile; fileRef = 583576152CDCAB3B000F7F7A /* Poppins-ExtraBold.ttf */; };
		583576282CDCAB3C000F7F7A /* Poppins-BlackItalic.ttf in Resources */ = {isa = PBXBuildFile; fileRef = 583576162CDCAB3B000F7F7A /* Poppins-BlackItalic.ttf */; };
		583576292CDCAB3C000F7F7A /* Poppins-ExtraLight.ttf in Resources */ = {isa = PBXBuildFile; fileRef = 583576172CDCAB3B000F7F7A /* Poppins-ExtraLight.ttf */; };
		5835762A2CDCAB3C000F7F7A /* Poppins-Light.ttf in Resources */ = {isa = PBXBuildFile; fileRef = 583576182CDCAB3B000F7F7A /* Poppins-Light.ttf */; };
		5835762B2CDCAB3C000F7F7A /* Poppins-LightItalic.ttf in Resources */ = {isa = PBXBuildFile; fileRef = 583576192CDCAB3B000F7F7A /* Poppins-LightItalic.ttf */; };
		5835762C2CDCAB3C000F7F7A /* Poppins-ThinItalic.ttf in Resources */ = {isa = PBXBuildFile; fileRef = 5835761A2CDCAB3B000F7F7A /* Poppins-ThinItalic.ttf */; };
		5835762D2CDCAB3C000F7F7A /* Poppins-Black.ttf in Resources */ = {isa = PBXBuildFile; fileRef = 5835761B2CDCAB3C000F7F7A /* Poppins-Black.ttf */; };
		5835762E2CDCAB3C000F7F7A /* Poppins-BoldItalic.ttf in Resources */ = {isa = PBXBuildFile; fileRef = 5835761C2CDCAB3C000F7F7A /* Poppins-BoldItalic.ttf */; };
		5835762F2CDCAB3C000F7F7A /* Poppins-Medium.ttf in Resources */ = {isa = PBXBuildFile; fileRef = 5835761D2CDCAB3C000F7F7A /* Poppins-Medium.ttf */; };
		583576302CDCAB3C000F7F7A /* Poppins-SemiBold.ttf in Resources */ = {isa = PBXBuildFile; fileRef = 5835761E2CDCAB3C000F7F7A /* Poppins-SemiBold.ttf */; };
		583576312CDCAB3C000F7F7A /* Poppins-Thin.ttf in Resources */ = {isa = PBXBuildFile; fileRef = 5835761F2CDCAB3C000F7F7A /* Poppins-Thin.ttf */; };
		583576322CDCAB3C000F7F7A /* Poppins-Bold.ttf in Resources */ = {isa = PBXBuildFile; fileRef = 583576202CDCAB3C000F7F7A /* Poppins-Bold.ttf */; };
		583576332CDCAB3C000F7F7A /* Poppins-SemiBoldItalic.ttf in Resources */ = {isa = PBXBuildFile; fileRef = 583576212CDCAB3C000F7F7A /* Poppins-SemiBoldItalic.ttf */; };
		583576342CDCAB3C000F7F7A /* Poppins-Italic.ttf in Resources */ = {isa = PBXBuildFile; fileRef = 583576222CDCAB3C000F7F7A /* Poppins-Italic.ttf */; };
		583576352CDCAB3C000F7F7A /* Poppins-ExtraBoldItalic.ttf in Resources */ = {isa = PBXBuildFile; fileRef = 583576232CDCAB3C000F7F7A /* Poppins-ExtraBoldItalic.ttf */; };
		583576392CDCAD75000F7F7A /* Font+Custom.swift in Sources */ = {isa = PBXBuildFile; fileRef = 583576382CDCAD75000F7F7A /* Font+Custom.swift */; };
		5835763E2CDD44C1000F7F7A /* SButton.swift in Sources */ = {isa = PBXBuildFile; fileRef = 5835763D2CDD44C1000F7F7A /* SButton.swift */; };
		583576402CDD4540000F7F7A /* Color+Custom.swift in Sources */ = {isa = PBXBuildFile; fileRef = 5835763F2CDD4540000F7F7A /* Color+Custom.swift */; };
		583576432CDD76A2000F7F7A /* PlayerView.swift in Sources */ = {isa = PBXBuildFile; fileRef = 583576422CDD76A2000F7F7A /* PlayerView.swift */; };
		583576462CDDDB12000F7F7A /* onboarding_video.mp4 in Resources */ = {isa = PBXBuildFile; fileRef = 583576452CDD772D000F7F7A /* onboarding_video.mp4 */; };
/* End PBXBuildFile section */

/* Begin PBXContainerItemProxy section */
		583575F12CDCA65E000F7F7A /* PBXContainerItemProxy */ = {
			isa = PBXContainerItemProxy;
			containerPortal = 583575D82CDCA65C000F7F7A /* Project object */;
			proxyType = 1;
			remoteGlobalIDString = 583575DF2CDCA65C000F7F7A;
			remoteInfo = StreamingStoreApp;
		};
		583575FB2CDCA65E000F7F7A /* PBXContainerItemProxy */ = {
			isa = PBXContainerItemProxy;
			containerPortal = 583575D82CDCA65C000F7F7A /* Project object */;
			proxyType = 1;
			remoteGlobalIDString = 583575DF2CDCA65C000F7F7A;
			remoteInfo = StreamingStoreApp;
		};
/* End PBXContainerItemProxy section */

/* Begin PBXFileReference section */
		583575E02CDCA65C000F7F7A /* StreamingStoreApp.app */ = {isa = PBXFileReference; explicitFileType = wrapper.application; includeInIndex = 0; path = StreamingStoreApp.app; sourceTree = BUILT_PRODUCTS_DIR; };
		583575E32CDCA65C000F7F7A /* StreamingStoreAppApp.swift */ = {isa = PBXFileReference; lastKnownFileType = sourcecode.swift; path = StreamingStoreAppApp.swift; sourceTree = "<group>"; };
		583575E52CDCA65C000F7F7A /* ContentView.swift */ = {isa = PBXFileReference; lastKnownFileType = sourcecode.swift; path = ContentView.swift; sourceTree = "<group>"; };
		583575E72CDCA65E000F7F7A /* Assets.xcassets */ = {isa = PBXFileReference; lastKnownFileType = folder.assetcatalog; path = Assets.xcassets; sourceTree = "<group>"; };
		583575EA2CDCA65E000F7F7A /* Preview Assets.xcassets */ = {isa = PBXFileReference; lastKnownFileType = folder.assetcatalog; path = "Preview Assets.xcassets"; sourceTree = "<group>"; };
		583575F02CDCA65E000F7F7A /* StreamingStoreAppTests.xctest */ = {isa = PBXFileReference; explicitFileType = wrapper.cfbundle; includeInIndex = 0; path = StreamingStoreAppTests.xctest; sourceTree = BUILT_PRODUCTS_DIR; };
		583575F42CDCA65E000F7F7A /* StreamingStoreAppTests.swift */ = {isa = PBXFileReference; lastKnownFileType = sourcecode.swift; path = StreamingStoreAppTests.swift; sourceTree = "<group>"; };
		583575FA2CDCA65E000F7F7A /* StreamingStoreAppUITests.xctest */ = {isa = PBXFileReference; explicitFileType = wrapper.cfbundle; includeInIndex = 0; path = StreamingStoreAppUITests.xctest; sourceTree = BUILT_PRODUCTS_DIR; };
		583575FE2CDCA65E000F7F7A /* StreamingStoreAppUITests.swift */ = {isa = PBXFileReference; lastKnownFileType = sourcecode.swift; path = StreamingStoreAppUITests.swift; sourceTree = "<group>"; };
		583576002CDCA65E000F7F7A /* StreamingStoreAppUITestsLaunchTests.swift */ = {isa = PBXFileReference; lastKnownFileType = sourcecode.swift; path = StreamingStoreAppUITestsLaunchTests.swift; sourceTree = "<group>"; };
		5835760D2CDCA847000F7F7A /* Launch Screen.storyboard */ = {isa = PBXFileReference; lastKnownFileType = file.storyboard; path = "Launch Screen.storyboard"; sourceTree = "<group>"; };
		5835760F2CDCAA7B000F7F7A /* OnboardingView.swift */ = {isa = PBXFileReference; lastKnownFileType = sourcecode.swift; path = OnboardingView.swift; sourceTree = "<group>"; };
		583576122CDCAB3B000F7F7A /* Poppins-MediumItalic.ttf */ = {isa = PBXFileReference; lastKnownFileType = file; path = "Poppins-MediumItalic.ttf"; sourceTree = "<group>"; };
		583576132CDCAB3B000F7F7A /* Poppins-ExtraLightItalic.ttf */ = {isa = PBXFileReference; lastKnownFileType = file; path = "Poppins-ExtraLightItalic.ttf"; sourceTree = "<group>"; };
		583576142CDCAB3B000F7F7A /* Poppins-Regular.ttf */ = {isa = PBXFileReference; lastKnownFileType = file; path = "Poppins-Regular.ttf"; sourceTree = "<group>"; };
		583576152CDCAB3B000F7F7A /* Poppins-ExtraBold.ttf */ = {isa = PBXFileReference; lastKnownFileType = file; path = "Poppins-ExtraBold.ttf"; sourceTree = "<group>"; };
		583576162CDCAB3B000F7F7A /* Poppins-BlackItalic.ttf */ = {isa = PBXFileReference; lastKnownFileType = file; path = "Poppins-BlackItalic.ttf"; sourceTree = "<group>"; };
		583576172CDCAB3B000F7F7A /* Poppins-ExtraLight.ttf */ = {isa = PBXFileReference; lastKnownFileType = file; path = "Poppins-ExtraLight.ttf"; sourceTree = "<group>"; };
		583576182CDCAB3B000F7F7A /* Poppins-Light.ttf */ = {isa = PBXFileReference; lastKnownFileType = file; path = "Poppins-Light.ttf"; sourceTree = "<group>"; };
		583576192CDCAB3B000F7F7A /* Poppins-LightItalic.ttf */ = {isa = PBXFileReference; lastKnownFileType = file; path = "Poppins-LightItalic.ttf"; sourceTree = "<group>"; };
		5835761A2CDCAB3B000F7F7A /* Poppins-ThinItalic.ttf */ = {isa = PBXFileReference; lastKnownFileType = file; path = "Poppins-ThinItalic.ttf"; sourceTree = "<group>"; };
		5835761B2CDCAB3C000F7F7A /* Poppins-Black.ttf */ = {isa = PBXFileReference; lastKnownFileType = file; path = "Poppins-Black.ttf"; sourceTree = "<group>"; };
		5835761C2CDCAB3C000F7F7A /* Poppins-BoldItalic.ttf */ = {isa = PBXFileReference; lastKnownFileType = file; path = "Poppins-BoldItalic.ttf"; sourceTree = "<group>"; };
		5835761D2CDCAB3C000F7F7A /* Poppins-Medium.ttf */ = {isa = PBXFileReference; lastKnownFileType = file; path = "Poppins-Medium.ttf"; sourceTree = "<group>"; };
		5835761E2CDCAB3C000F7F7A /* Poppins-SemiBold.ttf */ = {isa = PBXFileReference; lastKnownFileType = file; path = "Poppins-SemiBold.ttf"; sourceTree = "<group>"; };
		5835761F2CDCAB3C000F7F7A /* Poppins-Thin.ttf */ = {isa = PBXFileReference; lastKnownFileType = file; path = "Poppins-Thin.ttf"; sourceTree = "<group>"; };
		583576202CDCAB3C000F7F7A /* Poppins-Bold.ttf */ = {isa = PBXFileReference; lastKnownFileType = file; path = "Poppins-Bold.ttf"; sourceTree = "<group>"; };
		583576212CDCAB3C000F7F7A /* Poppins-SemiBoldItalic.ttf */ = {isa = PBXFileReference; lastKnownFileType = file; path = "Poppins-SemiBoldItalic.ttf"; sourceTree = "<group>"; };
		583576222CDCAB3C000F7F7A /* Poppins-Italic.ttf */ = {isa = PBXFileReference; lastKnownFileType = file; path = "Poppins-Italic.ttf"; sourceTree = "<group>"; };
		583576232CDCAB3C000F7F7A /* Poppins-ExtraBoldItalic.ttf */ = {isa = PBXFileReference; lastKnownFileType = file; path = "Poppins-ExtraBoldItalic.ttf"; sourceTree = "<group>"; };
		583576362CDCAB6D000F7F7A /* Info.plist */ = {isa = PBXFileReference; lastKnownFileType = text.plist; path = Info.plist; sourceTree = "<group>"; };
		583576382CDCAD75000F7F7A /* Font+Custom.swift */ = {isa = PBXFileReference; lastKnownFileType = sourcecode.swift; path = "Font+Custom.swift"; sourceTree = "<group>"; };
		5835763D2CDD44C1000F7F7A /* SButton.swift */ = {isa = PBXFileReference; lastKnownFileType = sourcecode.swift; path = SButton.swift; sourceTree = "<group>"; };
		5835763F2CDD4540000F7F7A /* Color+Custom.swift */ = {isa = PBXFileReference; lastKnownFileType = sourcecode.swift; path = "Color+Custom.swift"; sourceTree = "<group>"; };
		583576422CDD76A2000F7F7A /* PlayerView.swift */ = {isa = PBXFileReference; lastKnownFileType = sourcecode.swift; path = PlayerView.swift; sourceTree = "<group>"; };
		583576452CDD772D000F7F7A /* onboarding_video.mp4 */ = {isa = PBXFileReference; lastKnownFileType = file; path = onboarding_video.mp4; sourceTree = "<group>"; };
/* End PBXFileReference section */

/* Begin PBXFrameworksBuildPhase section */
		583575DD2CDCA65C000F7F7A /* Frameworks */ = {
			isa = PBXFrameworksBuildPhase;
			buildActionMask = 2147483647;
			files = (
			);
			runOnlyForDeploymentPostprocessing = 0;
		};
		583575ED2CDCA65E000F7F7A /* Frameworks */ = {
			isa = PBXFrameworksBuildPhase;
			buildActionMask = 2147483647;
			files = (
			);
			runOnlyForDeploymentPostprocessing = 0;
		};
		583575F72CDCA65E000F7F7A /* Frameworks */ = {
			isa = PBXFrameworksBuildPhase;
			buildActionMask = 2147483647;
			files = (
			);
			runOnlyForDeploymentPostprocessing = 0;
		};
/* End PBXFrameworksBuildPhase section */

/* Begin PBXGroup section */
		583575D72CDCA65C000F7F7A = {
			isa = PBXGroup;
			children = (
				583575E22CDCA65C000F7F7A /* StreamingStoreApp */,
				583575F32CDCA65E000F7F7A /* StreamingStoreAppTests */,
				583575FD2CDCA65E000F7F7A /* StreamingStoreAppUITests */,
				583575E12CDCA65C000F7F7A /* Products */,
			);
			sourceTree = "<group>";
		};
		583575E12CDCA65C000F7F7A /* Products */ = {
			isa = PBXGroup;
			children = (
				583575E02CDCA65C000F7F7A /* StreamingStoreApp.app */,
				583575F02CDCA65E000F7F7A /* StreamingStoreAppTests.xctest */,
				583575FA2CDCA65E000F7F7A /* StreamingStoreAppUITests.xctest */,
			);
			name = Products;
			sourceTree = "<group>";
		};
		583575E22CDCA65C000F7F7A /* StreamingStoreApp */ = {
			isa = PBXGroup;
			children = (
				583576412CDD467D000F7F7A /* Extensions */,
				5835763A2CDD43EA000F7F7A /* UI Components */,
				583576372CDCAD58000F7F7A /* Assets */,
				583576362CDCAB6D000F7F7A /* Info.plist */,
				583575E32CDCA65C000F7F7A /* StreamingStoreAppApp.swift */,
				5835760F2CDCAA7B000F7F7A /* OnboardingView.swift */,
				583575E52CDCA65C000F7F7A /* ContentView.swift */,
				583575E72CDCA65E000F7F7A /* Assets.xcassets */,
				583575E92CDCA65E000F7F7A /* Preview Content */,
				5835760D2CDCA847000F7F7A /* Launch Screen.storyboard */,
				583576442CDD76A7000F7F7A /* Core Components */,
			);
			path = StreamingStoreApp;
			sourceTree = "<group>";
		};
		583575E92CDCA65E000F7F7A /* Preview Content */ = {
			isa = PBXGroup;
			children = (
				583575EA2CDCA65E000F7F7A /* Preview Assets.xcassets */,
			);
			path = "Preview Content";
			sourceTree = "<group>";
		};
		583575F32CDCA65E000F7F7A /* StreamingStoreAppTests */ = {
			isa = PBXGroup;
			children = (
				583575F42CDCA65E000F7F7A /* StreamingStoreAppTests.swift */,
			);
			path = StreamingStoreAppTests;
			sourceTree = "<group>";
		};
		583575FD2CDCA65E000F7F7A /* StreamingStoreAppUITests */ = {
			isa = PBXGroup;
			children = (
				583575FE2CDCA65E000F7F7A /* StreamingStoreAppUITests.swift */,
				583576002CDCA65E000F7F7A /* StreamingStoreAppUITestsLaunchTests.swift */,
			);
			path = StreamingStoreAppUITests;
			sourceTree = "<group>";
		};
		583576112CDCAB11000F7F7A /* Fonts */ = {
			isa = PBXGroup;
			children = (
				5835761B2CDCAB3C000F7F7A /* Poppins-Black.ttf */,
				583576162CDCAB3B000F7F7A /* Poppins-BlackItalic.ttf */,
				583576202CDCAB3C000F7F7A /* Poppins-Bold.ttf */,
				5835761C2CDCAB3C000F7F7A /* Poppins-BoldItalic.ttf */,
				583576152CDCAB3B000F7F7A /* Poppins-ExtraBold.ttf */,
				583576232CDCAB3C000F7F7A /* Poppins-ExtraBoldItalic.ttf */,
				583576172CDCAB3B000F7F7A /* Poppins-ExtraLight.ttf */,
				583576132CDCAB3B000F7F7A /* Poppins-ExtraLightItalic.ttf */,
				583576222CDCAB3C000F7F7A /* Poppins-Italic.ttf */,
				583576182CDCAB3B000F7F7A /* Poppins-Light.ttf */,
				583576192CDCAB3B000F7F7A /* Poppins-LightItalic.ttf */,
				5835761D2CDCAB3C000F7F7A /* Poppins-Medium.ttf */,
				583576122CDCAB3B000F7F7A /* Poppins-MediumItalic.ttf */,
				583576142CDCAB3B000F7F7A /* Poppins-Regular.ttf */,
				5835761E2CDCAB3C000F7F7A /* Poppins-SemiBold.ttf */,
				583576212CDCAB3C000F7F7A /* Poppins-SemiBoldItalic.ttf */,
				5835761F2CDCAB3C000F7F7A /* Poppins-Thin.ttf */,
				5835761A2CDCAB3B000F7F7A /* Poppins-ThinItalic.ttf */,
			);
			path = Fonts;
			sourceTree = "<group>";
		};
		583576372CDCAD58000F7F7A /* Assets */ = {
			isa = PBXGroup;
			children = (
				583576452CDD772D000F7F7A /* onboarding_video.mp4 */,
				583576112CDCAB11000F7F7A /* Fonts */,
			);
			path = Assets;
			sourceTree = "<group>";
		};
		5835763A2CDD43EA000F7F7A /* UI Components */ = {
			isa = PBXGroup;
			children = (
				5835763D2CDD44C1000F7F7A /* SButton.swift */,
			);
			path = "UI Components";
			sourceTree = "<group>";
		};
		583576412CDD467D000F7F7A /* Extensions */ = {
			isa = PBXGroup;
			children = (
				5835763F2CDD4540000F7F7A /* Color+Custom.swift */,
				583576382CDCAD75000F7F7A /* Font+Custom.swift */,
			);
			path = Extensions;
			sourceTree = "<group>";
		};
		583576442CDD76A7000F7F7A /* Core Components */ = {
			isa = PBXGroup;
			children = (
				583576422CDD76A2000F7F7A /* PlayerView.swift */,
			);
			path = "Core Components";
			sourceTree = "<group>";
		};
/* End PBXGroup section */

/* Begin PBXNativeTarget section */
		583575DF2CDCA65C000F7F7A /* StreamingStoreApp */ = {
			isa = PBXNativeTarget;
			buildConfigurationList = 583576042CDCA65E000F7F7A /* Build configuration list for PBXNativeTarget "StreamingStoreApp" */;
			buildPhases = (
				583575DC2CDCA65C000F7F7A /* Sources */,
				583575DD2CDCA65C000F7F7A /* Frameworks */,
				583575DE2CDCA65C000F7F7A /* Resources */,
			);
			buildRules = (
			);
			dependencies = (
			);
			name = StreamingStoreApp;
			productName = StreamingStoreApp;
			productReference = 583575E02CDCA65C000F7F7A /* StreamingStoreApp.app */;
			productType = "com.apple.product-type.application";
		};
		583575EF2CDCA65E000F7F7A /* StreamingStoreAppTests */ = {
			isa = PBXNativeTarget;
			buildConfigurationList = 583576072CDCA65E000F7F7A /* Build configuration list for PBXNativeTarget "StreamingStoreAppTests" */;
			buildPhases = (
				583575EC2CDCA65E000F7F7A /* Sources */,
				583575ED2CDCA65E000F7F7A /* Frameworks */,
				583575EE2CDCA65E000F7F7A /* Resources */,
			);
			buildRules = (
			);
			dependencies = (
				583575F22CDCA65E000F7F7A /* PBXTargetDependency */,
			);
			name = StreamingStoreAppTests;
			productName = StreamingStoreAppTests;
			productReference = 583575F02CDCA65E000F7F7A /* StreamingStoreAppTests.xctest */;
			productType = "com.apple.product-type.bundle.unit-test";
		};
		583575F92CDCA65E000F7F7A /* StreamingStoreAppUITests */ = {
			isa = PBXNativeTarget;
			buildConfigurationList = 5835760A2CDCA65E000F7F7A /* Build configuration list for PBXNativeTarget "StreamingStoreAppUITests" */;
			buildPhases = (
				583575F62CDCA65E000F7F7A /* Sources */,
				583575F72CDCA65E000F7F7A /* Frameworks */,
				583575F82CDCA65E000F7F7A /* Resources */,
			);
			buildRules = (
			);
			dependencies = (
				583575FC2CDCA65E000F7F7A /* PBXTargetDependency */,
			);
			name = StreamingStoreAppUITests;
			productName = StreamingStoreAppUITests;
			productReference = 583575FA2CDCA65E000F7F7A /* StreamingStoreAppUITests.xctest */;
			productType = "com.apple.product-type.bundle.ui-testing";
		};
/* End PBXNativeTarget section */

/* Begin PBXProject section */
		583575D82CDCA65C000F7F7A /* Project object */ = {
			isa = PBXProject;
			attributes = {
				BuildIndependentTargetsInParallel = 1;
				LastSwiftUpdateCheck = 1530;
				LastUpgradeCheck = 1530;
				TargetAttributes = {
					583575DF2CDCA65C000F7F7A = {
						CreatedOnToolsVersion = 15.3;
					};
					583575EF2CDCA65E000F7F7A = {
						CreatedOnToolsVersion = 15.3;
						TestTargetID = 583575DF2CDCA65C000F7F7A;
					};
					583575F92CDCA65E000F7F7A = {
						CreatedOnToolsVersion = 15.3;
						TestTargetID = 583575DF2CDCA65C000F7F7A;
					};
				};
			};
			buildConfigurationList = 583575DB2CDCA65C000F7F7A /* Build configuration list for PBXProject "StreamingStoreApp" */;
			compatibilityVersion = "Xcode 14.0";
			developmentRegion = en;
			hasScannedForEncodings = 0;
			knownRegions = (
				en,
				Base,
			);
			mainGroup = 583575D72CDCA65C000F7F7A;
			productRefGroup = 583575E12CDCA65C000F7F7A /* Products */;
			projectDirPath = "";
			projectRoot = "";
			targets = (
				583575DF2CDCA65C000F7F7A /* StreamingStoreApp */,
				583575EF2CDCA65E000F7F7A /* StreamingStoreAppTests */,
				583575F92CDCA65E000F7F7A /* StreamingStoreAppUITests */,
			);
		};
/* End PBXProject section */

/* Begin PBXResourcesBuildPhase section */
		583575DE2CDCA65C000F7F7A /* Resources */ = {
			isa = PBXResourcesBuildPhase;
			buildActionMask = 2147483647;
			files = (
				5835760E2CDCA847000F7F7A /* Launch Screen.storyboard in Resources */,
				583576332CDCAB3C000F7F7A /* Poppins-SemiBoldItalic.ttf in Resources */,
				583576322CDCAB3C000F7F7A /* Poppins-Bold.ttf in Resources */,
				583576352CDCAB3C000F7F7A /* Poppins-ExtraBoldItalic.ttf in Resources */,
				5835762A2CDCAB3C000F7F7A /* Poppins-Light.ttf in Resources */,
				583576242CDCAB3C000F7F7A /* Poppins-MediumItalic.ttf in Resources */,
				583576312CDCAB3C000F7F7A /* Poppins-Thin.ttf in Resources */,
				5835762D2CDCAB3C000F7F7A /* Poppins-Black.ttf in Resources */,
				583576252CDCAB3C000F7F7A /* Poppins-ExtraLightItalic.ttf in Resources */,
				583576302CDCAB3C000F7F7A /* Poppins-SemiBold.ttf in Resources */,
				583576292CDCAB3C000F7F7A /* Poppins-ExtraLight.ttf in Resources */,
				583576272CDCAB3C000F7F7A /* Poppins-ExtraBold.ttf in Resources */,
				583576282CDCAB3C000F7F7A /* Poppins-BlackItalic.ttf in Resources */,
				583576262CDCAB3C000F7F7A /* Poppins-Regular.ttf in Resources */,
				5835762F2CDCAB3C000F7F7A /* Poppins-Medium.ttf in Resources */,
				5835762E2CDCAB3C000F7F7A /* Poppins-BoldItalic.ttf in Resources */,
				583575EB2CDCA65E000F7F7A /* Preview Assets.xcassets in Resources */,
				5835762C2CDCAB3C000F7F7A /* Poppins-ThinItalic.ttf in Resources */,
				583575E82CDCA65E000F7F7A /* Assets.xcassets in Resources */,
				583576342CDCAB3C000F7F7A /* Poppins-Italic.ttf in Resources */,
				583576462CDDDB12000F7F7A /* onboarding_video.mp4 in Resources */,
				5835762B2CDCAB3C000F7F7A /* Poppins-LightItalic.ttf in Resources */,
			);
			runOnlyForDeploymentPostprocessing = 0;
		};
		583575EE2CDCA65E000F7F7A /* Resources */ = {
			isa = PBXResourcesBuildPhase;
			buildActionMask = 2147483647;
			files = (
			);
			runOnlyForDeploymentPostprocessing = 0;
		};
		583575F82CDCA65E000F7F7A /* Resources */ = {
			isa = PBXResourcesBuildPhase;
			buildActionMask = 2147483647;
			files = (
			);
			runOnlyForDeploymentPostprocessing = 0;
		};
/* End PBXResourcesBuildPhase section */

/* Begin PBXSourcesBuildPhase section */
		583575DC2CDCA65C000F7F7A /* Sources */ = {
			isa = PBXSourcesBuildPhase;
			buildActionMask = 2147483647;
			files = (
				583576102CDCAA7B000F7F7A /* OnboardingView.swift in Sources */,
				5835763E2CDD44C1000F7F7A /* SButton.swift in Sources */,
				583576432CDD76A2000F7F7A /* PlayerView.swift in Sources */,
				583576392CDCAD75000F7F7A /* Font+Custom.swift in Sources */,
				583575E62CDCA65C000F7F7A /* ContentView.swift in Sources */,
				583575E42CDCA65C000F7F7A /* StreamingStoreAppApp.swift in Sources */,
				583576402CDD4540000F7F7A /* Color+Custom.swift in Sources */,
			);
			runOnlyForDeploymentPostprocessing = 0;
		};
		583575EC2CDCA65E000F7F7A /* Sources */ = {
			isa = PBXSourcesBuildPhase;
			buildActionMask = 2147483647;
			files = (
				583575F52CDCA65E000F7F7A /* StreamingStoreAppTests.swift in Sources */,
			);
			runOnlyForDeploymentPostprocessing = 0;
		};
		583575F62CDCA65E000F7F7A /* Sources */ = {
			isa = PBXSourcesBuildPhase;
			buildActionMask = 2147483647;
			files = (
				583575FF2CDCA65E000F7F7A /* StreamingStoreAppUITests.swift in Sources */,
				583576012CDCA65E000F7F7A /* StreamingStoreAppUITestsLaunchTests.swift in Sources */,
			);
			runOnlyForDeploymentPostprocessing = 0;
		};
/* End PBXSourcesBuildPhase section */

/* Begin PBXTargetDependency section */
		583575F22CDCA65E000F7F7A /* PBXTargetDependency */ = {
			isa = PBXTargetDependency;
			target = 583575DF2CDCA65C000F7F7A /* StreamingStoreApp */;
			targetProxy = 583575F12CDCA65E000F7F7A /* PBXContainerItemProxy */;
		};
		583575FC2CDCA65E000F7F7A /* PBXTargetDependency */ = {
			isa = PBXTargetDependency;
			target = 583575DF2CDCA65C000F7F7A /* StreamingStoreApp */;
			targetProxy = 583575FB2CDCA65E000F7F7A /* PBXContainerItemProxy */;
		};
/* End PBXTargetDependency section */

/* Begin XCBuildConfiguration section */
		583576022CDCA65E000F7F7A /* Debug */ = {
			isa = XCBuildConfiguration;
			buildSettings = {
				ALWAYS_SEARCH_USER_PATHS = NO;
				ASSETCATALOG_COMPILER_GENERATE_SWIFT_ASSET_SYMBOL_EXTENSIONS = YES;
				CLANG_ANALYZER_NONNULL = YES;
				CLANG_ANALYZER_NUMBER_OBJECT_CONVERSION = YES_AGGRESSIVE;
				CLANG_CXX_LANGUAGE_STANDARD = "gnu++20";
				CLANG_ENABLE_MODULES = YES;
				CLANG_ENABLE_OBJC_ARC = YES;
				CLANG_ENABLE_OBJC_WEAK = YES;
				CLANG_WARN_BLOCK_CAPTURE_AUTORELEASING = YES;
				CLANG_WARN_BOOL_CONVERSION = YES;
				CLANG_WARN_COMMA = YES;
				CLANG_WARN_CONSTANT_CONVERSION = YES;
				CLANG_WARN_DEPRECATED_OBJC_IMPLEMENTATIONS = YES;
				CLANG_WARN_DIRECT_OBJC_ISA_USAGE = YES_ERROR;
				CLANG_WARN_DOCUMENTATION_COMMENTS = YES;
				CLANG_WARN_EMPTY_BODY = YES;
				CLANG_WARN_ENUM_CONVERSION = YES;
				CLANG_WARN_INFINITE_RECURSION = YES;
				CLANG_WARN_INT_CONVERSION = YES;
				CLANG_WARN_NON_LITERAL_NULL_CONVERSION = YES;
				CLANG_WARN_OBJC_IMPLICIT_RETAIN_SELF = YES;
				CLANG_WARN_OBJC_LITERAL_CONVERSION = YES;
				CLANG_WARN_OBJC_ROOT_CLASS = YES_ERROR;
				CLANG_WARN_QUOTED_INCLUDE_IN_FRAMEWORK_HEADER = YES;
				CLANG_WARN_RANGE_LOOP_ANALYSIS = YES;
				CLANG_WARN_STRICT_PROTOTYPES = YES;
				CLANG_WARN_SUSPICIOUS_MOVE = YES;
				CLANG_WARN_UNGUARDED_AVAILABILITY = YES_AGGRESSIVE;
				CLANG_WARN_UNREACHABLE_CODE = YES;
				CLANG_WARN__DUPLICATE_METHOD_MATCH = YES;
				COPY_PHASE_STRIP = NO;
				DEBUG_INFORMATION_FORMAT = dwarf;
				ENABLE_STRICT_OBJC_MSGSEND = YES;
				ENABLE_TESTABILITY = YES;
				ENABLE_USER_SCRIPT_SANDBOXING = YES;
				GCC_C_LANGUAGE_STANDARD = gnu17;
				GCC_DYNAMIC_NO_PIC = NO;
				GCC_NO_COMMON_BLOCKS = YES;
				GCC_OPTIMIZATION_LEVEL = 0;
				GCC_PREPROCESSOR_DEFINITIONS = (
					"DEBUG=1",
					"$(inherited)",
				);
				GCC_WARN_64_TO_32_BIT_CONVERSION = YES;
				GCC_WARN_ABOUT_RETURN_TYPE = YES_ERROR;
				GCC_WARN_UNDECLARED_SELECTOR = YES;
				GCC_WARN_UNINITIALIZED_AUTOS = YES_AGGRESSIVE;
				GCC_WARN_UNUSED_FUNCTION = YES;
				GCC_WARN_UNUSED_VARIABLE = YES;
				IPHONEOS_DEPLOYMENT_TARGET = 17.4;
				LOCALIZATION_PREFERS_STRING_CATALOGS = YES;
				MTL_ENABLE_DEBUG_INFO = INCLUDE_SOURCE;
				MTL_FAST_MATH = YES;
				ONLY_ACTIVE_ARCH = YES;
				SDKROOT = iphoneos;
				SWIFT_ACTIVE_COMPILATION_CONDITIONS = "DEBUG $(inherited)";
				SWIFT_OPTIMIZATION_LEVEL = "-Onone";
			};
			name = Debug;
		};
		583576032CDCA65E000F7F7A /* Release */ = {
			isa = XCBuildConfiguration;
			buildSettings = {
				ALWAYS_SEARCH_USER_PATHS = NO;
				ASSETCATALOG_COMPILER_GENERATE_SWIFT_ASSET_SYMBOL_EXTENSIONS = YES;
				CLANG_ANALYZER_NONNULL = YES;
				CLANG_ANALYZER_NUMBER_OBJECT_CONVERSION = YES_AGGRESSIVE;
				CLANG_CXX_LANGUAGE_STANDARD = "gnu++20";
				CLANG_ENABLE_MODULES = YES;
				CLANG_ENABLE_OBJC_ARC = YES;
				CLANG_ENABLE_OBJC_WEAK = YES;
				CLANG_WARN_BLOCK_CAPTURE_AUTORELEASING = YES;
				CLANG_WARN_BOOL_CONVERSION = YES;
				CLANG_WARN_COMMA = YES;
				CLANG_WARN_CONSTANT_CONVERSION = YES;
				CLANG_WARN_DEPRECATED_OBJC_IMPLEMENTATIONS = YES;
				CLANG_WARN_DIRECT_OBJC_ISA_USAGE = YES_ERROR;
				CLANG_WARN_DOCUMENTATION_COMMENTS = YES;
				CLANG_WARN_EMPTY_BODY = YES;
				CLANG_WARN_ENUM_CONVERSION = YES;
				CLANG_WARN_INFINITE_RECURSION = YES;
				CLANG_WARN_INT_CONVERSION = YES;
				CLANG_WARN_NON_LITERAL_NULL_CONVERSION = YES;
				CLANG_WARN_OBJC_IMPLICIT_RETAIN_SELF = YES;
				CLANG_WARN_OBJC_LITERAL_CONVERSION = YES;
				CLANG_WARN_OBJC_ROOT_CLASS = YES_ERROR;
				CLANG_WARN_QUOTED_INCLUDE_IN_FRAMEWORK_HEADER = YES;
				CLANG_WARN_RANGE_LOOP_ANALYSIS = YES;
				CLANG_WARN_STRICT_PROTOTYPES = YES;
				CLANG_WARN_SUSPICIOUS_MOVE = YES;
				CLANG_WARN_UNGUARDED_AVAILABILITY = YES_AGGRESSIVE;
				CLANG_WARN_UNREACHABLE_CODE = YES;
				CLANG_WARN__DUPLICATE_METHOD_MATCH = YES;
				COPY_PHASE_STRIP = NO;
				DEBUG_INFORMATION_FORMAT = "dwarf-with-dsym";
				ENABLE_NS_ASSERTIONS = NO;
				ENABLE_STRICT_OBJC_MSGSEND = YES;
				ENABLE_USER_SCRIPT_SANDBOXING = YES;
				GCC_C_LANGUAGE_STANDARD = gnu17;
				GCC_NO_COMMON_BLOCKS = YES;
				GCC_WARN_64_TO_32_BIT_CONVERSION = YES;
				GCC_WARN_ABOUT_RETURN_TYPE = YES_ERROR;
				GCC_WARN_UNDECLARED_SELECTOR = YES;
				GCC_WARN_UNINITIALIZED_AUTOS = YES_AGGRESSIVE;
				GCC_WARN_UNUSED_FUNCTION = YES;
				GCC_WARN_UNUSED_VARIABLE = YES;
				IPHONEOS_DEPLOYMENT_TARGET = 17.4;
				LOCALIZATION_PREFERS_STRING_CATALOGS = YES;
				MTL_ENABLE_DEBUG_INFO = NO;
				MTL_FAST_MATH = YES;
				SDKROOT = iphoneos;
				SWIFT_COMPILATION_MODE = wholemodule;
				VALIDATE_PRODUCT = YES;
			};
			name = Release;
		};
		583576052CDCA65E000F7F7A /* Debug */ = {
			isa = XCBuildConfiguration;
			buildSettings = {
				ASSETCATALOG_COMPILER_APPICON_NAME = AppIcon;
				ASSETCATALOG_COMPILER_GLOBAL_ACCENT_COLOR_NAME = AccentColor;
				CODE_SIGN_STYLE = Automatic;
				CURRENT_PROJECT_VERSION = 1;
				DEVELOPMENT_ASSET_PATHS = "\"StreamingStoreApp/Preview Content\"";
				ENABLE_PREVIEWS = YES;
				GENERATE_INFOPLIST_FILE = YES;
				INFOPLIST_FILE = StreamingStoreApp/Info.plist;
				INFOPLIST_KEY_UIApplicationSceneManifest_Generation = YES;
				INFOPLIST_KEY_UIApplicationSupportsIndirectInputEvents = YES;
				INFOPLIST_KEY_UILaunchScreen_Generation = YES;
				INFOPLIST_KEY_UILaunchStoryboardName = "Launch Screen.storyboard";
				INFOPLIST_KEY_UISupportedInterfaceOrientations_iPad = "UIInterfaceOrientationPortrait UIInterfaceOrientationPortraitUpsideDown UIInterfaceOrientationLandscapeLeft UIInterfaceOrientationLandscapeRight";
				INFOPLIST_KEY_UISupportedInterfaceOrientations_iPhone = "UIInterfaceOrientationPortrait UIInterfaceOrientationLandscapeLeft UIInterfaceOrientationLandscapeRight";
				LD_RUNPATH_SEARCH_PATHS = (
					"$(inherited)",
					"@executable_path/Frameworks",
				);
				MARKETING_VERSION = 1.0;
				PRODUCT_BUNDLE_IDENTIFIER = sone.StreamingStoreApp;
				PRODUCT_NAME = "$(TARGET_NAME)";
				SWIFT_EMIT_LOC_STRINGS = YES;
				SWIFT_VERSION = 5.0;
				TARGETED_DEVICE_FAMILY = "1,2";
			};
			name = Debug;
		};
		583576062CDCA65E000F7F7A /* Release */ = {
			isa = XCBuildConfiguration;
			buildSettings = {
				ASSETCATALOG_COMPILER_APPICON_NAME = AppIcon;
				ASSETCATALOG_COMPILER_GLOBAL_ACCENT_COLOR_NAME = AccentColor;
				CODE_SIGN_STYLE = Automatic;
				CURRENT_PROJECT_VERSION = 1;
				DEVELOPMENT_ASSET_PATHS = "\"StreamingStoreApp/Preview Content\"";
				ENABLE_PREVIEWS = YES;
				GENERATE_INFOPLIST_FILE = YES;
				INFOPLIST_FILE = StreamingStoreApp/Info.plist;
				INFOPLIST_KEY_UIApplicationSceneManifest_Generation = YES;
				INFOPLIST_KEY_UIApplicationSupportsIndirectInputEvents = YES;
				INFOPLIST_KEY_UILaunchScreen_Generation = YES;
				INFOPLIST_KEY_UILaunchStoryboardName = "Launch Screen.storyboard";
				INFOPLIST_KEY_UISupportedInterfaceOrientations_iPad = "UIInterfaceOrientationPortrait UIInterfaceOrientationPortraitUpsideDown UIInterfaceOrientationLandscapeLeft UIInterfaceOrientationLandscapeRight";
				INFOPLIST_KEY_UISupportedInterfaceOrientations_iPhone = "UIInterfaceOrientationPortrait UIInterfaceOrientationLandscapeLeft UIInterfaceOrientationLandscapeRight";
				LD_RUNPATH_SEARCH_PATHS = (
					"$(inherited)",
					"@executable_path/Frameworks",
				);
				MARKETING_VERSION = 1.0;
				PRODUCT_BUNDLE_IDENTIFIER = sone.StreamingStoreApp;
				PRODUCT_NAME = "$(TARGET_NAME)";
				SWIFT_EMIT_LOC_STRINGS = YES;
				SWIFT_VERSION = 5.0;
				TARGETED_DEVICE_FAMILY = "1,2";
			};
			name = Release;
		};
		583576082CDCA65E000F7F7A /* Debug */ = {
			isa = XCBuildConfiguration;
			buildSettings = {
				ALWAYS_EMBED_SWIFT_STANDARD_LIBRARIES = YES;
				BUNDLE_LOADER = "$(TEST_HOST)";
				CODE_SIGN_STYLE = Automatic;
				CURRENT_PROJECT_VERSION = 1;
				GENERATE_INFOPLIST_FILE = YES;
				IPHONEOS_DEPLOYMENT_TARGET = 17.4;
				MARKETING_VERSION = 1.0;
				PRODUCT_BUNDLE_IDENTIFIER = sone.StreamingStoreAppTests;
				PRODUCT_NAME = "$(TARGET_NAME)";
				SWIFT_EMIT_LOC_STRINGS = NO;
				SWIFT_VERSION = 5.0;
				TARGETED_DEVICE_FAMILY = "1,2";
				TEST_HOST = "$(BUILT_PRODUCTS_DIR)/StreamingStoreApp.app/$(BUNDLE_EXECUTABLE_FOLDER_PATH)/StreamingStoreApp";
			};
			name = Debug;
		};
		583576092CDCA65E000F7F7A /* Release */ = {
			isa = XCBuildConfiguration;
			buildSettings = {
				ALWAYS_EMBED_SWIFT_STANDARD_LIBRARIES = YES;
				BUNDLE_LOADER = "$(TEST_HOST)";
				CODE_SIGN_STYLE = Automatic;
				CURRENT_PROJECT_VERSION = 1;
				GENERATE_INFOPLIST_FILE = YES;
				IPHONEOS_DEPLOYMENT_TARGET = 17.4;
				MARKETING_VERSION = 1.0;
				PRODUCT_BUNDLE_IDENTIFIER = sone.StreamingStoreAppTests;
				PRODUCT_NAME = "$(TARGET_NAME)";
				SWIFT_EMIT_LOC_STRINGS = NO;
				SWIFT_VERSION = 5.0;
				TARGETED_DEVICE_FAMILY = "1,2";
				TEST_HOST = "$(BUILT_PRODUCTS_DIR)/StreamingStoreApp.app/$(BUNDLE_EXECUTABLE_FOLDER_PATH)/StreamingStoreApp";
			};
			name = Release;
		};
		5835760B2CDCA65E000F7F7A /* Debug */ = {
			isa = XCBuildConfiguration;
			buildSettings = {
				ALWAYS_EMBED_SWIFT_STANDARD_LIBRARIES = YES;
				CODE_SIGN_STYLE = Automatic;
				CURRENT_PROJECT_VERSION = 1;
				GENERATE_INFOPLIST_FILE = YES;
				MARKETING_VERSION = 1.0;
				PRODUCT_BUNDLE_IDENTIFIER = sone.StreamingStoreAppUITests;
				PRODUCT_NAME = "$(TARGET_NAME)";
				SWIFT_EMIT_LOC_STRINGS = NO;
				SWIFT_VERSION = 5.0;
				TARGETED_DEVICE_FAMILY = "1,2";
				TEST_TARGET_NAME = StreamingStoreApp;
			};
			name = Debug;
		};
		5835760C2CDCA65E000F7F7A /* Release */ = {
			isa = XCBuildConfiguration;
			buildSettings = {
				ALWAYS_EMBED_SWIFT_STANDARD_LIBRARIES = YES;
				CODE_SIGN_STYLE = Automatic;
				CURRENT_PROJECT_VERSION = 1;
				GENERATE_INFOPLIST_FILE = YES;
				MARKETING_VERSION = 1.0;
				PRODUCT_BUNDLE_IDENTIFIER = sone.StreamingStoreAppUITests;
				PRODUCT_NAME = "$(TARGET_NAME)";
				SWIFT_EMIT_LOC_STRINGS = NO;
				SWIFT_VERSION = 5.0;
				TARGETED_DEVICE_FAMILY = "1,2";
				TEST_TARGET_NAME = StreamingStoreApp;
			};
			name = Release;
		};
/* End XCBuildConfiguration section */

/* Begin XCConfigurationList section */
		583575DB2CDCA65C000F7F7A /* Build configuration list for PBXProject "StreamingStoreApp" */ = {
			isa = XCConfigurationList;
			buildConfigurations = (
				583576022CDCA65E000F7F7A /* Debug */,
				583576032CDCA65E000F7F7A /* Release */,
			);
			defaultConfigurationIsVisible = 0;
			defaultConfigurationName = Release;
		};
		583576042CDCA65E000F7F7A /* Build configuration list for PBXNativeTarget "StreamingStoreApp" */ = {
			isa = XCConfigurationList;
			buildConfigurations = (
				583576052CDCA65E000F7F7A /* Debug */,
				583576062CDCA65E000F7F7A /* Release */,
			);
			defaultConfigurationIsVisible = 0;
			defaultConfigurationName = Release;
		};
		583576072CDCA65E000F7F7A /* Build configuration list for PBXNativeTarget "StreamingStoreAppTests" */ = {
			isa = XCConfigurationList;
			buildConfigurations = (
				583576082CDCA65E000F7F7A /* Debug */,
				583576092CDCA65E000F7F7A /* Release */,
			);
			defaultConfigurationIsVisible = 0;
			defaultConfigurationName = Release;
		};
		5835760A2CDCA65E000F7F7A /* Build configuration list for PBXNativeTarget "StreamingStoreAppUITests" */ = {
			isa = XCConfigurationList;
			buildConfigurations = (
				5835760B2CDCA65E000F7F7A /* Debug */,
				5835760C2CDCA65E000F7F7A /* Release */,
			);
			defaultConfigurationIsVisible = 0;
			defaultConfigurationName = Release;
		};
/* End XCConfigurationList section */
	};
	rootObject = 583575D82CDCA65C000F7F7A /* Project object */;
}
